
Microsoft Visual Studio Solution File, Format Version 12.00
# Visual Studio Version 17
VisualStudioVersion = 17.13.35919.96 d17.13
MinimumVisualStudioVersion = 10.0.40219.1
Project("{FAE04EC0-301F-11D3-BF4B-00C04F79EFBC}") = "MonsterLootHunter", "MonsterLootHunter\MonsterLootHunter.csproj", "{E625D4AA-EE04-4C77-B25A-90C53F8C4EAA}"
EndProject
Global
	GlobalSection(SolutionConfigurationPlatforms) = preSolution
		Debug|x64 = Debug|x64
		Release|x64 = Release|x64
	EndGlobalSection
	GlobalSection(ProjectConfigurationPlatforms) = postSolution
		{E625D4AA-EE04-4C77-B25A-90C53F8C4EAA}.Debug|x64.ActiveCfg = Debug|x64
		{E625D4AA-EE04-4C77-B25A-90C53F8C4EAA}.Debug|x64.Build.0 = Debug|x64
		{E625D4AA-EE04-4C77-B25A-90C53F8C4EAA}.Release|x64.ActiveCfg = Release|x64
		{E625D4AA-EE04-4C77-B25A-90C53F8C4EAA}.Release|x64.Build.0 = Release|x64
	EndGlobalSection
	GlobalSection(SolutionProperties) = preSolution
		HideSolutionNode = FALSE
	EndGlobalSection
	GlobalSection(ExtensibilityGlobals) = postSolution
		SolutionGuid = {8FD49043-59B4-40EC-ABF4-504159302BF2}
	EndGlobalSection
EndGlobal
