{
  "version": 1,
  "dependencies": {
    "net8.0-windows7.0": {
      "DalamudPackager": {
        "type": "Direct",
        "requested": "[2.1.13, )",
        "resolved": "2.1.13",
        "contentHash": "rMN1omGe8536f4xLMvx9NwfvpAc9YFFfeXJ1t4P4PE6Gu8WCIoFliR1sh07hM+bfODmesk/dvMbji7vNI+B/pQ=="
      },
      "Fizzler.Systems.HtmlAgilityPack": {
        "type": "Direct",
        "requested": "[1.2.1, )",
        "resolved": "1.2.1",
        "contentHash": "JVWdUgFd8KdsIoertmc9jgVc3eNpZmrXgk3rW91s0ymizAT3S/QresLY+bf+V8XO/kMy4mTV34h517g03fUqqw==",
        "dependencies": {
          "Fizzler": "1.2.0",
          "HtmlAgilityPack": "1.5.1"
        }
      },
      "HtmlAgilityPack": {
        "type": "Direct",
        "requested": "[1.11.54, )",
        "resolved": "1.11.54",
        "contentHash": "bgB79N4urc4D7hrD4R+Qk6CjPiYOfs6vfXNsmw3nCcfQEQvBQGjfAcl5k/tB1ZP1hA0d7xXs0jK8xAXV36IVUg=="
      },
      "XivCommon": {
        "type": "Direct",
        "requested": "[9.0.0, )",
        "resolved": "9.0.0",
        "contentHash": "avaBp3FmSCi/PiQhntCeBDYOHejdyTWmFtz4pRBVQQ8vHkmRx+YTk1la9dkYBMlXxRXKckEdH1iI1Fu61JlE7w=="
      },
      "Fizzler": {
        "type": "Transitive",
        "resolved": "1.2.0",
        "contentHash": "CPxuWF8EPvM0rwAtMTR5G+7EuLoGNXsEfqyx06upN9JyVALZ73KgbGn3SLFwGosifiUAXrvNHtXlUwGGytdECg=="
      }
    }
  }
}