{
  "version": 1,
  "dependencies": {
    "net7.0-windows7.0": {
      "Dalamud.ContextMenu": {
        "type": "Direct",
        "requested": "[1.2.3, )",
        "resolved": "1.2.3",
        "contentHash": "ydemplF7DNcA/LLeongDVzWUD/JV0Fw3EwA2+P0jYq3Le2ZYSt4U8qyJq4FyoChqt0lFG8BxYCAzfeWp4Jmnqw=="
      },
      "DalamudPackager": {
        "type": "Direct",
        "requested": "[2.1.11, )",
        "resolved": "2.1.11",
        "contentHash": "9qlAWoRRTiL/geAvuwR/g6Bcbrd/bJJgVnB/RurBiyKs6srsP0bvpoo8IK+Eg8EA6jWeM6/YJWs66w4FIAzqPw=="
      },
      "Fizzler.Systems.HtmlAgilityPack": {
        "type": "Direct",
        "requested": "[1.2.1, )",
        "resolved": "1.2.1",
        "contentHash": "JVWdUgFd8KdsIoertmc9jgVc3eNpZmrXgk3rW91s0ymizAT3S/QresLY+bf+V8XO/kMy4mTV34h517g03fUqqw==",
        "dependencies": {
          "Fizzler": "1.2.0",
          "HtmlAgilityPack": "1.5.1"
        }
      },
      "HtmlAgilityPack": {
        "type": "Direct",
        "requested": "[1.11.46, )",
        "resolved": "1.11.46",
        "contentHash": "dLMn4EVfJBHWmWK4Uh0XGD76FPLHI0qr2Tm0s1m/xmgiHb1JUb9zB8AzO8HtrkBBlMN6JfCUBYddhqC0hZNR+g=="
      },
      "XivCommon": {
        "type": "Direct",
        "requested": "[7.0.0-alpha.1, )",
        "resolved": "7.0.0-alpha.1",
        "contentHash": "4Yy4Wg3bnI/g9BSEYAqOZALmVMJZS0wcP847VlUIThBqIS/47O6tw2BI84he4KuPSTfIsYOzrcz3vAia8+Pn3g=="
      },
      "Fizzler": {
        "type": "Transitive",
        "resolved": "1.2.0",
        "contentHash": "CPxuWF8EPvM0rwAtMTR5G+7EuLoGNXsEfqyx06upN9JyVALZ73KgbGn3SLFwGosifiUAXrvNHtXlUwGGytdECg=="
      }
    }
  }
}